
Microsoft Visual Studio Solution File, Format Version 12.00
# Visual Studio Version 17
VisualStudioVersion = 17.2.32630.192
MinimumVisualStudioVersion = 10.0.40219.1
Project("{FAE04EC0-301F-11D3-BF4B-00C04F79EFBC}") = "log-generator-5000", "log-generator-5000.csproj", "{8C02790D-3655-4663-A809-58FA77B87B6E}"
EndProject
Global
	GlobalSection(SolutionConfigurationPlatforms) = preSolution
		Debug|Any CPU = Debug|Any CPU
		Release|Any CPU = Release|Any CPU
	EndGlobalSection
	GlobalSection(ProjectConfigurationPlatforms) = postSolution
		{8C02790D-3655-4663-A809-58FA77B87B6E}.Debug|Any CPU.ActiveCfg = Debug|Any CPU
		{8C02790D-3655-4663-A809-58FA77B87B6E}.Debug|Any CPU.Build.0 = Debug|Any CPU
		{8C02790D-3655-4663-A809-58FA77B87B6E}.Release|Any CPU.ActiveCfg = Release|Any CPU
		{8C02790D-3655-4663-A809-58FA77B87B6E}.Release|Any CPU.Build.0 = Release|Any CPU
	EndGlobalSection
	GlobalSection(SolutionProperties) = preSolution
		HideSolutionNode = FALSE
	EndGlobalSection
	GlobalSection(ExtensibilityGlobals) = postSolution
		SolutionGuid = {489C89A0-96CD-4D77-AB94-F110FE3D282F}
	EndGlobalSection
EndGlobal
